// !$*UTF8*$!
{
	archiveVersion = 1;
	classes = {
	};
	objectVersion = 46;
	objects = {

/* Begin PBXBuildFile section */
		18866AD11F78DD2A0090217E /* main.m in Sources */ = {isa = PBXBuildFile; fileRef = 18866AD01F78DD2A0090217E /* main.m */; };
		18866AD41F78DD2A0090217E /* AppDelegate.m in Sources */ = {isa = PBXBuildFile; fileRef = 18866AD31F78DD2A0090217E /* AppDelegate.m */; };
		18866AD71F78DD2A0090217E /* ViewController.m in Sources */ = {isa = PBXBuildFile; fileRef = 18866AD61F78DD2A0090217E /* ViewController.m */; };
		18866ADA1F78DD2A0090217E /* Main.storyboard in Resources */ = {isa = PBXBuildFile; fileRef = 18866AD81F78DD2A0090217E /* Main.storyboard */; };
		18866ADC1F78DD2A0090217E /* Assets.xcassets in Resources */ = {isa = PBXBuildFile; fileRef = 18866ADB1F78DD2A0090217E /* Assets.xcassets */; };
		18866ADF1F78DD2A0090217E /* LaunchScreen.storyboard in Resources */ = {isa = PBXBuildFile; fileRef = 18866ADD1F78DD2A0090217E /* LaunchScreen.storyboard */; };
		18866B121F78EFBF0090217E /* MKAnnotationView+WebCache.m in Sources */ = {isa = PBXBuildFile; fileRef = 18866AEB1F78EFBF0090217E /* MKAnnotationView+WebCache.m */; };
		18866B131F78EFBF0090217E /* NSData+ImageContentType.m in Sources */ = {isa = PBXBuildFile; fileRef = 18866AED1F78EFBF0090217E /* NSData+ImageContentType.m */; };
		18866B141F78EFBF0090217E /* NSImage+WebCache.m in Sources */ = {isa = PBXBuildFile; fileRef = 18866AEF1F78EFBF0090217E /* NSImage+WebCache.m */; };
		18866B151F78EFBF0090217E /* SDImageCache.m in Sources */ = {isa = PBXBuildFile; fileRef = 18866AF11F78EFBF0090217E /* SDImageCache.m */; };
		18866B161F78EFBF0090217E /* SDImageCacheConfig.m in Sources */ = {isa = PBXBuildFile; fileRef = 18866AF31F78EFBF0090217E /* SDImageCacheConfig.m */; };
		18866B171F78EFBF0090217E /* SDWebImageCompat.m in Sources */ = {isa = PBXBuildFile; fileRef = 18866AF51F78EFBF0090217E /* SDWebImageCompat.m */; };
		18866B181F78EFBF0090217E /* SDWebImageDecoder.m in Sources */ = {isa = PBXBuildFile; fileRef = 18866AF71F78EFBF0090217E /* SDWebImageDecoder.m */; };
		18866B191F78EFBF0090217E /* SDWebImageDownloader.m in Sources */ = {isa = PBXBuildFile; fileRef = 18866AF91F78EFBF0090217E /* SDWebImageDownloader.m */; };
		18866B1A1F78EFBF0090217E /* SDWebImageDownloaderOperation.m in Sources */ = {isa = PBXBuildFile; fileRef = 18866AFB1F78EFBF0090217E /* SDWebImageDownloaderOperation.m */; };
		18866B1B1F78EFBF0090217E /* SDWebImageManager.m in Sources */ = {isa = PBXBuildFile; fileRef = 18866AFD1F78EFBF0090217E /* SDWebImageManager.m */; };
		18866B1C1F78EFBF0090217E /* SDWebImagePrefetcher.m in Sources */ = {isa = PBXBuildFile; fileRef = 18866B001F78EFBF0090217E /* SDWebImagePrefetcher.m */; };
		18866B1D1F78EFBF0090217E /* UIButton+WebCache.m in Sources */ = {isa = PBXBuildFile; fileRef = 18866B021F78EFBF0090217E /* UIButton+WebCache.m */; };
		18866B1E1F78EFBF0090217E /* UIImage+GIF.m in Sources */ = {isa = PBXBuildFile; fileRef = 18866B041F78EFBF0090217E /* UIImage+GIF.m */; };
		18866B1F1F78EFBF0090217E /* UIImage+MultiFormat.m in Sources */ = {isa = PBXBuildFile; fileRef = 18866B061F78EFBF0090217E /* UIImage+MultiFormat.m */; };
		18866B201F78EFBF0090217E /* UIImage+WebP.m in Sources */ = {isa = PBXBuildFile; fileRef = 18866B081F78EFBF0090217E /* UIImage+WebP.m */; };
		18866B211F78EFBF0090217E /* UIImageView+HighlightedWebCache.m in Sources */ = {isa = PBXBuildFile; fileRef = 18866B0A1F78EFBF0090217E /* UIImageView+HighlightedWebCache.m */; };
		18866B221F78EFBF0090217E /* UIImageView+WebCache.m in Sources */ = {isa = PBXBuildFile; fileRef = 18866B0C1F78EFBF0090217E /* UIImageView+WebCache.m */; };
		18866B231F78EFBF0090217E /* UIView+WebCache.m in Sources */ = {isa = PBXBuildFile; fileRef = 18866B0E1F78EFBF0090217E /* UIView+WebCache.m */; };
		18866B241F78EFBF0090217E /* UIView+WebCacheOperation.m in Sources */ = {isa = PBXBuildFile; fileRef = 18866B101F78EFBF0090217E /* UIView+WebCacheOperation.m */; };
		18866B271F78FF110090217E /* WJVideo.m in Sources */ = {isa = PBXBuildFile; fileRef = 18866B261F78FF110090217E /* WJVideo.m */; };
		18866B3F1F790B870090217E /* Info.plist in Resources */ = {isa = PBXBuildFile; fileRef = 18866B291F790B870090217E /* Info.plist */; };
		18866B401F790B870090217E /* MJExtensionConst.m in Sources */ = {isa = PBXBuildFile; fileRef = 18866B2C1F790B870090217E /* MJExtensionConst.m */; };
		18866B411F790B870090217E /* MJFoundation.m in Sources */ = {isa = PBXBuildFile; fileRef = 18866B2E1F790B870090217E /* MJFoundation.m */; };
		18866B421F790B870090217E /* MJProperty.m in Sources */ = {isa = PBXBuildFile; fileRef = 18866B301F790B870090217E /* MJProperty.m */; };
		18866B431F790B870090217E /* MJPropertyKey.m in Sources */ = {isa = PBXBuildFile; fileRef = 18866B321F790B870090217E /* MJPropertyKey.m */; };
		18866B441F790B870090217E /* MJPropertyType.m in Sources */ = {isa = PBXBuildFile; fileRef = 18866B341F790B870090217E /* MJPropertyType.m */; };
		18866B451F790B870090217E /* NSObject+MJClass.m in Sources */ = {isa = PBXBuildFile; fileRef = 18866B361F790B870090217E /* NSObject+MJClass.m */; };
		18866B461F790B870090217E /* NSObject+MJCoding.m in Sources */ = {isa = PBXBuildFile; fileRef = 18866B381F790B870090217E /* NSObject+MJCoding.m */; };
		18866B471F790B870090217E /* NSObject+MJKeyValue.m in Sources */ = {isa = PBXBuildFile; fileRef = 18866B3A1F790B870090217E /* NSObject+MJKeyValue.m */; };
		18866B481F790B870090217E /* NSObject+MJProperty.m in Sources */ = {isa = PBXBuildFile; fileRef = 18866B3C1F790B870090217E /* NSObject+MJProperty.m */; };
		18866B491F790B870090217E /* NSString+MJExtension.m in Sources */ = {isa = PBXBuildFile; fileRef = 18866B3E1F790B870090217E /* NSString+MJExtension.m */; };
/* End PBXBuildFile section */

/* Begin PBXFileReference section */
		18866ACC1F78DD2A0090217E /* json解析复杂.app */ = {isa = PBXFileReference; explicitFileType = wrapper.application; includeInIndex = 0; path = "json解析复杂.app"; sourceTree = BUILT_PRODUCTS_DIR; };
		18866AD01F78DD2A0090217E /* main.m */ = {isa = PBXFileReference; lastKnownFileType = sourcecode.c.objc; path = main.m; sourceTree = "<group>"; };
		18866AD21F78DD2A0090217E /* AppDelegate.h */ = {isa = PBXFileReference; lastKnownFileType = sourcecode.c.h; path = AppDelegate.h; sourceTree = "<group>"; };
		18866AD31F78DD2A0090217E /* AppDelegate.m */ = {isa = PBXFileReference; lastKnownFileType = sourcecode.c.objc; path = AppDelegate.m; sourceTree = "<group>"; };
		18866AD51F78DD2A0090217E /* ViewController.h */ = {isa = PBXFileReference; lastKnownFileType = sourcecode.c.h; path = ViewController.h; sourceTree = "<group>"; };
		18866AD61F78DD2A0090217E /* ViewController.m */ = {isa = PBXFileReference; lastKnownFileType = sourcecode.c.objc; path = ViewController.m; sourceTree = "<group>"; };
		18866AD91F78DD2A0090217E /* Base */ = {isa = PBXFileReference; lastKnownFileType = file.storyboard; name = Base; path = Base.lproj/Main.storyboard; sourceTree = "<group>"; };
		18866ADB1F78DD2A0090217E /* Assets.xcassets */ = {isa = PBXFileReference; lastKnownFileType = folder.assetcatalog; path = Assets.xcassets; sourceTree = "<group>"; };
		18866ADE1F78DD2A0090217E /* Base */ = {isa = PBXFileReference; lastKnownFileType = file.storyboard; name = Base; path = Base.lproj/LaunchScreen.storyboard; sourceTree = "<group>"; };
		18866AE01F78DD2A0090217E /* Info.plist */ = {isa = PBXFileReference; lastKnownFileType = text.plist.xml; path = Info.plist; sourceTree = "<group>"; };
		18866AEA1F78EFBF0090217E /* MKAnnotationView+WebCache.h */ = {isa = PBXFileReference; fileEncoding = 4; lastKnownFileType = sourcecode.c.h; path = "MKAnnotationView+WebCache.h"; sourceTree = "<group>"; };
		18866AEB1F78EFBF0090217E /* MKAnnotationView+WebCache.m */ = {isa = PBXFileReference; fileEncoding = 4; lastKnownFileType = sourcecode.c.objc; path = "MKAnnotationView+WebCache.m"; sourceTree = "<group>"; };
		18866AEC1F78EFBF0090217E /* NSData+ImageContentType.h */ = {isa = PBXFileReference; fileEncoding = 4; lastKnownFileType = sourcecode.c.h; path = "NSData+ImageContentType.h"; sourceTree = "<group>"; };
		18866AED1F78EFBF0090217E /* NSData+ImageContentType.m */ = {isa = PBXFileReference; fileEncoding = 4; lastKnownFileType = sourcecode.c.objc; path = "NSData+ImageContentType.m"; sourceTree = "<group>"; };
		18866AEE1F78EFBF0090217E /* NSImage+WebCache.h */ = {isa = PBXFileReference; fileEncoding = 4; lastKnownFileType = sourcecode.c.h; path = "NSImage+WebCache.h"; sourceTree = "<group>"; };
		18866AEF1F78EFBF0090217E /* NSImage+WebCache.m */ = {isa = PBXFileReference; fileEncoding = 4; lastKnownFileType = sourcecode.c.objc; path = "NSImage+WebCache.m"; sourceTree = "<group>"; };
		18866AF01F78EFBF0090217E /* SDImageCache.h */ = {isa = PBXFileReference; fileEncoding = 4; lastKnownFileType = sourcecode.c.h; path = SDImageCache.h; sourceTree = "<group>"; };
		18866AF11F78EFBF0090217E /* SDImageCache.m */ = {isa = PBXFileReference; fileEncoding = 4; lastKnownFileType = sourcecode.c.objc; path = SDImageCache.m; sourceTree = "<group>"; };
		18866AF21F78EFBF0090217E /* SDImageCacheConfig.h */ = {isa = PBXFileReference; fileEncoding = 4; lastKnownFileType = sourcecode.c.h; path = SDImageCacheConfig.h; sourceTree = "<group>"; };
		18866AF31F78EFBF0090217E /* SDImageCacheConfig.m */ = {isa = PBXFileReference; fileEncoding = 4; lastKnownFileType = sourcecode.c.objc; path = SDImageCacheConfig.m; sourceTree = "<group>"; };
		18866AF41F78EFBF0090217E /* SDWebImageCompat.h */ = {isa = PBXFileReference; fileEncoding = 4; lastKnownFileType = sourcecode.c.h; path = SDWebImageCompat.h; sourceTree = "<group>"; };
		18866AF51F78EFBF0090217E /* SDWebImageCompat.m */ = {isa = PBXFileReference; fileEncoding = 4; lastKnownFileType = sourcecode.c.objc; path = SDWebImageCompat.m; sourceTree = "<group>"; };
		18866AF61F78EFBF0090217E /* SDWebImageDecoder.h */ = {isa = PBXFileReference; fileEncoding = 4; lastKnownFileType = sourcecode.c.h; path = SDWebImageDecoder.h; sourceTree = "<group>"; };
		18866AF71F78EFBF0090217E /* SDWebImageDecoder.m */ = {isa = PBXFileReference; fileEncoding = 4; lastKnownFileType = sourcecode.c.objc; path = SDWebImageDecoder.m; sourceTree = "<group>"; };
		18866AF81F78EFBF0090217E /* SDWebImageDownloader.h */ = {isa = PBXFileReference; fileEncoding = 4; lastKnownFileType = sourcecode.c.h; path = SDWebImageDownloader.h; sourceTree = "<group>"; };
		18866AF91F78EFBF0090217E /* SDWebImageDownloader.m */ = {isa = PBXFileReference; fileEncoding = 4; lastKnownFileType = sourcecode.c.objc; path = SDWebImageDownloader.m; sourceTree = "<group>"; };
		18866AFA1F78EFBF0090217E /* SDWebImageDownloaderOperation.h */ = {isa = PBXFileReference; fileEncoding = 4; lastKnownFileType = sourcecode.c.h; path = SDWebImageDownloaderOperation.h; sourceTree = "<group>"; };
		18866AFB1F78EFBF0090217E /* SDWebImageDownloaderOperation.m */ = {isa = PBXFileReference; fileEncoding = 4; lastKnownFileType = sourcecode.c.objc; path = SDWebImageDownloaderOperation.m; sourceTree = "<group>"; };
		18866AFC1F78EFBF0090217E /* SDWebImageManager.h */ = {isa = PBXFileReference; fileEncoding = 4; lastKnownFileType = sourcecode.c.h; path = SDWebImageManager.h; sourceTree = "<group>"; };
		18866AFD1F78EFBF0090217E /* SDWebImageManager.m */ = {isa = PBXFileReference; fileEncoding = 4; lastKnownFileType = sourcecode.c.objc; path = SDWebImageManager.m; sourceTree = "<group>"; };
		18866AFE1F78EFBF0090217E /* SDWebImageOperation.h */ = {isa = PBXFileReference; fileEncoding = 4; lastKnownFileType = sourcecode.c.h; path = SDWebImageOperation.h; sourceTree = "<group>"; };
		18866AFF1F78EFBF0090217E /* SDWebImagePrefetcher.h */ = {isa = PBXFileReference; fileEncoding = 4; lastKnownFileType = sourcecode.c.h; path = SDWebImagePrefetcher.h; sourceTree = "<group>"; };
		18866B001F78EFBF0090217E /* SDWebImagePrefetcher.m */ = {isa = PBXFileReference; fileEncoding = 4; lastKnownFileType = sourcecode.c.objc; path = SDWebImagePrefetcher.m; sourceTree = "<group>"; };
		18866B011F78EFBF0090217E /* UIButton+WebCache.h */ = {isa = PBXFileReference; fileEncoding = 4; lastKnownFileType = sourcecode.c.h; path = "UIButton+WebCache.h"; sourceTree = "<group>"; };
		18866B021F78EFBF0090217E /* UIButton+WebCache.m */ = {isa = PBXFileReference; fileEncoding = 4; lastKnownFileType = sourcecode.c.objc; path = "UIButton+WebCache.m"; sourceTree = "<group>"; };
		18866B031F78EFBF0090217E /* UIImage+GIF.h */ = {isa = PBXFileReference; fileEncoding = 4; lastKnownFileType = sourcecode.c.h; path = "UIImage+GIF.h"; sourceTree = "<group>"; };
		18866B041F78EFBF0090217E /* UIImage+GIF.m */ = {isa = PBXFileReference; fileEncoding = 4; lastKnownFileType = sourcecode.c.objc; path = "UIImage+GIF.m"; sourceTree = "<group>"; };
		18866B051F78EFBF0090217E /* UIImage+MultiFormat.h */ = {isa = PBXFileReference; fileEncoding = 4; lastKnownFileType = sourcecode.c.h; path = "UIImage+MultiFormat.h"; sourceTree = "<group>"; };
		18866B061F78EFBF0090217E /* UIImage+MultiFormat.m */ = {isa = PBXFileReference; fileEncoding = 4; lastKnownFileType = sourcecode.c.objc; path = "UIImage+MultiFormat.m"; sourceTree = "<group>"; };
		18866B071F78EFBF0090217E /* UIImage+WebP.h */ = {isa = PBXFileReference; fileEncoding = 4; lastKnownFileType = sourcecode.c.h; path = "UIImage+WebP.h"; sourceTree = "<group>"; };
		18866B081F78EFBF0090217E /* UIImage+WebP.m */ = {isa = PBXFileReference; fileEncoding = 4; lastKnownFileType = sourcecode.c.objc; path = "UIImage+WebP.m"; sourceTree = "<group>"; };
		18866B091F78EFBF0090217E /* UIImageView+HighlightedWebCache.h */ = {isa = PBXFileReference; fileEncoding = 4; lastKnownFileType = sourcecode.c.h; path = "UIImageView+HighlightedWebCache.h"; sourceTree = "<group>"; };
		18866B0A1F78EFBF0090217E /* UIImageView+HighlightedWebCache.m */ = {isa = PBXFileReference; fileEncoding = 4; lastKnownFileType = sourcecode.c.objc; path = "UIImageView+HighlightedWebCache.m"; sourceTree = "<group>"; };
		18866B0B1F78EFBF0090217E /* UIImageView+WebCache.h */ = {isa = PBXFileReference; fileEncoding = 4; lastKnownFileType = sourcecode.c.h; path = "UIImageView+WebCache.h"; sourceTree = "<group>"; };
		18866B0C1F78EFBF0090217E /* UIImageView+WebCache.m */ = {isa = PBXFileReference; fileEncoding = 4; lastKnownFileType = sourcecode.c.objc; path = "UIImageView+WebCache.m"; sourceTree = "<group>"; };
		18866B0D1F78EFBF0090217E /* UIView+WebCache.h */ = {isa = PBXFileReference; fileEncoding = 4; lastKnownFileType = sourcecode.c.h; path = "UIView+WebCache.h"; sourceTree = "<group>"; };
		18866B0E1F78EFBF0090217E /* UIView+WebCache.m */ = {isa = PBXFileReference; fileEncoding = 4; lastKnownFileType = sourcecode.c.objc; path = "UIView+WebCache.m"; sourceTree = "<group>"; };
		18866B0F1F78EFBF0090217E /* UIView+WebCacheOperation.h */ = {isa = PBXFileReference; fileEncoding = 4; lastKnownFileType = sourcecode.c.h; path = "UIView+WebCacheOperation.h"; sourceTree = "<group>"; };
		18866B101F78EFBF0090217E /* UIView+WebCacheOperation.m */ = {isa = PBXFileReference; fileEncoding = 4; lastKnownFileType = sourcecode.c.objc; path = "UIView+WebCacheOperation.m"; sourceTree = "<group>"; };
		18866B251F78FF110090217E /* WJVideo.h */ = {isa = PBXFileReference; fileEncoding = 4; lastKnownFileType = sourcecode.c.h; name = WJVideo.h; path = SDWebImage/WJVideo.h; sourceTree = "<group>"; };
		18866B261F78FF110090217E /* WJVideo.m */ = {isa = PBXFileReference; fileEncoding = 4; lastKnownFileType = sourcecode.c.objc; name = WJVideo.m; path = SDWebImage/WJVideo.m; sourceTree = "<group>"; };
		18866B291F790B870090217E /* Info.plist */ = {isa = PBXFileReference; fileEncoding = 4; lastKnownFileType = text.plist.xml; path = Info.plist; sourceTree = "<group>"; };
		18866B2A1F790B870090217E /* MJExtension.h */ = {isa = PBXFileReference; fileEncoding = 4; lastKnownFileType = sourcecode.c.h; path = MJExtension.h; sourceTree = "<group>"; };
		18866B2B1F790B870090217E /* MJExtensionConst.h */ = {isa = PBXFileReference; fileEncoding = 4; lastKnownFileType = sourcecode.c.h; path = MJExtensionConst.h; sourceTree = "<group>"; };
		18866B2C1F790B870090217E /* MJExtensionConst.m */ = {isa = PBXFileReference; fileEncoding = 4; lastKnownFileType = sourcecode.c.objc; path = MJExtensionConst.m; sourceTree = "<group>"; };
		18866B2D1F790B870090217E /* MJFoundation.h */ = {isa = PBXFileReference; fileEncoding = 4; lastKnownFileType = sourcecode.c.h; path = MJFoundation.h; sourceTree = "<group>"; };
		18866B2E1F790B870090217E /* MJFoundation.m */ = {isa = PBXFileReference; fileEncoding = 4; lastKnownFileType = sourcecode.c.objc; path = MJFoundation.m; sourceTree = "<group>"; };
		18866B2F1F790B870090217E /* MJProperty.h */ = {isa = PBXFileReference; fileEncoding = 4; lastKnownFileType = sourcecode.c.h; path = MJProperty.h; sourceTree = "<group>"; };
		18866B301F790B870090217E /* MJProperty.m */ = {isa = PBXFileReference; fileEncoding = 4; lastKnownFileType = sourcecode.c.objc; path = MJProperty.m; sourceTree = "<group>"; };
		18866B311F790B870090217E /* MJPropertyKey.h */ = {isa = PBXFileReference; fileEncoding = 4; lastKnownFileType = sourcecode.c.h; path = MJPropertyKey.h; sourceTree = "<group>"; };
		18866B321F790B870090217E /* MJPropertyKey.m */ = {isa = PBXFileReference; fileEncoding = 4; lastKnownFileType = sourcecode.c.objc; path = MJPropertyKey.m; sourceTree = "<group>"; };
		18866B331F790B870090217E /* MJPropertyType.h */ = {isa = PBXFileReference; fileEncoding = 4; lastKnownFileType = sourcecode.c.h; path = MJPropertyType.h; sourceTree = "<group>"; };
		18866B341F790B870090217E /* MJPropertyType.m */ = {isa = PBXFileReference; fileEncoding = 4; lastKnownFileType = sourcecode.c.objc; path = MJPropertyType.m; sourceTree = "<group>"; };
		18866B351F790B870090217E /* NSObject+MJClass.h */ = {isa = PBXFileReference; fileEncoding = 4; lastKnownFileType = sourcecode.c.h; path = "NSObject+MJClass.h"; sourceTree = "<group>"; };
		18866B361F790B870090217E /* NSObject+MJClass.m */ = {isa = PBXFileReference; fileEncoding = 4; lastKnownFileType = sourcecode.c.objc; path = "NSObject+MJClass.m"; sourceTree = "<group>"; };
		18866B371F790B870090217E /* NSObject+MJCoding.h */ = {isa = PBXFileReference; fileEncoding = 4; lastKnownFileType = sourcecode.c.h; path = "NSObject+MJCoding.h"; sourceTree = "<group>"; };
		18866B381F790B870090217E /* NSObject+MJCoding.m */ = {isa = PBXFileReference; fileEncoding = 4; lastKnownFileType = sourcecode.c.objc; path = "NSObject+MJCoding.m"; sourceTree = "<group>"; };
		18866B391F790B870090217E /* NSObject+MJKeyValue.h */ = {isa = PBXFileReference; fileEncoding = 4; lastKnownFileType = sourcecode.c.h; path = "NSObject+MJKeyValue.h"; sourceTree = "<group>"; };
		18866B3A1F790B870090217E /* NSObject+MJKeyValue.m */ = {isa = PBXFileReference; fileEncoding = 4; lastKnownFileType = sourcecode.c.objc; path = "NSObject+MJKeyValue.m"; sourceTree = "<group>"; };
		18866B3B1F790B870090217E /* NSObject+MJProperty.h */ = {isa = PBXFileReference; fileEncoding = 4; lastKnownFileType = sourcecode.c.h; path = "NSObject+MJProperty.h"; sourceTree = "<group>"; };
		18866B3C1F790B870090217E /* NSObject+MJProperty.m */ = {isa = PBXFileReference; fileEncoding = 4; lastKnownFileType = sourcecode.c.objc; path = "NSObject+MJProperty.m"; sourceTree = "<group>"; };
		18866B3D1F790B870090217E /* NSString+MJExtension.h */ = {isa = PBXFileReference; fileEncoding = 4; lastKnownFileType = sourcecode.c.h; path = "NSString+MJExtension.h"; sourceTree = "<group>"; };
		18866B3E1F790B870090217E /* NSString+MJExtension.m */ = {isa = PBXFileReference; fileEncoding = 4; lastKnownFileType = sourcecode.c.objc; path = "NSString+MJExtension.m"; sourceTree = "<group>"; };
/* End PBXFileReference section */

/* Begin PBXFrameworksBuildPhase section */
		18866AC91F78DD2A0090217E /* Frameworks */ = {
			isa = PBXFrameworksBuildPhase;
			buildActionMask = 2147483647;
			files = (
			);
			runOnlyForDeploymentPostprocessing = 0;
		};
/* End PBXFrameworksBuildPhase section */

/* Begin PBXGroup section */
		18866AC31F78DD2A0090217E = {
			isa = PBXGroup;
			children = (
				18866ACE1F78DD2A0090217E /* json解析复杂 */,
				18866ACD1F78DD2A0090217E /* Products */,
			);
			sourceTree = "<group>";
		};
		18866ACD1F78DD2A0090217E /* Products */ = {
			isa = PBXGroup;
			children = (
				18866ACC1F78DD2A0090217E /* json解析复杂.app */,
			);
			name = Products;
			sourceTree = "<group>";
		};
		18866ACE1F78DD2A0090217E /* json解析复杂 */ = {
			isa = PBXGroup;
			children = (
				18866B281F790B870090217E /* MJExtension */,
				18866AE61F78EFBF0090217E /* SDWebImage */,
				18866AD21F78DD2A0090217E /* AppDelegate.h */,
				18866AD31F78DD2A0090217E /* AppDelegate.m */,
				18866B251F78FF110090217E /* WJVideo.h */,
				18866B261F78FF110090217E /* WJVideo.m */,
				18866AD51F78DD2A0090217E /* ViewController.h */,
				18866AD61F78DD2A0090217E /* ViewController.m */,
				18866AD81F78DD2A0090217E /* Main.storyboard */,
				18866ADB1F78DD2A0090217E /* Assets.xcassets */,
				18866ADD1F78DD2A0090217E /* LaunchScreen.storyboard */,
				18866AE01F78DD2A0090217E /* Info.plist */,
				18866ACF1F78DD2A0090217E /* Supporting Files */,
			);
			path = "json解析复杂";
			sourceTree = "<group>";
		};
		18866ACF1F78DD2A0090217E /* Supporting Files */ = {
			isa = PBXGroup;
			children = (
				18866AD01F78DD2A0090217E /* main.m */,
			);
			name = "Supporting Files";
			sourceTree = "<group>";
		};
		18866AE61F78EFBF0090217E /* SDWebImage */ = {
			isa = PBXGroup;
			children = (
				18866AEA1F78EFBF0090217E /* MKAnnotationView+WebCache.h */,
				18866AEB1F78EFBF0090217E /* MKAnnotationView+WebCache.m */,
				18866AEC1F78EFBF0090217E /* NSData+ImageContentType.h */,
				18866AED1F78EFBF0090217E /* NSData+ImageContentType.m */,
				18866AEE1F78EFBF0090217E /* NSImage+WebCache.h */,
				18866AEF1F78EFBF0090217E /* NSImage+WebCache.m */,
				18866AF01F78EFBF0090217E /* SDImageCache.h */,
				18866AF11F78EFBF0090217E /* SDImageCache.m */,
				18866AF21F78EFBF0090217E /* SDImageCacheConfig.h */,
				18866AF31F78EFBF0090217E /* SDImageCacheConfig.m */,
				18866AF41F78EFBF0090217E /* SDWebImageCompat.h */,
				18866AF51F78EFBF0090217E /* SDWebImageCompat.m */,
				18866AF61F78EFBF0090217E /* SDWebImageDecoder.h */,
				18866AF71F78EFBF0090217E /* SDWebImageDecoder.m */,
				18866AF81F78EFBF0090217E /* SDWebImageDownloader.h */,
				18866AF91F78EFBF0090217E /* SDWebImageDownloader.m */,
				18866AFA1F78EFBF0090217E /* SDWebImageDownloaderOperation.h */,
				18866AFB1F78EFBF0090217E /* SDWebImageDownloaderOperation.m */,
				18866AFC1F78EFBF0090217E /* SDWebImageManager.h */,
				18866AFD1F78EFBF0090217E /* SDWebImageManager.m */,
				18866AFE1F78EFBF0090217E /* SDWebImageOperation.h */,
				18866AFF1F78EFBF0090217E /* SDWebImagePrefetcher.h */,
				18866B001F78EFBF0090217E /* SDWebImagePrefetcher.m */,
				18866B011F78EFBF0090217E /* UIButton+WebCache.h */,
				18866B021F78EFBF0090217E /* UIButton+WebCache.m */,
				18866B031F78EFBF0090217E /* UIImage+GIF.h */,
				18866B041F78EFBF0090217E /* UIImage+GIF.m */,
				18866B051F78EFBF0090217E /* UIImage+MultiFormat.h */,
				18866B061F78EFBF0090217E /* UIImage+MultiFormat.m */,
				18866B071F78EFBF0090217E /* UIImage+WebP.h */,
				18866B081F78EFBF0090217E /* UIImage+WebP.m */,
				18866B091F78EFBF0090217E /* UIImageView+HighlightedWebCache.h */,
				18866B0A1F78EFBF0090217E /* UIImageView+HighlightedWebCache.m */,
				18866B0B1F78EFBF0090217E /* UIImageView+WebCache.h */,
				18866B0C1F78EFBF0090217E /* UIImageView+WebCache.m */,
				18866B0D1F78EFBF0090217E /* UIView+WebCache.h */,
				18866B0E1F78EFBF0090217E /* UIView+WebCache.m */,
				18866B0F1F78EFBF0090217E /* UIView+WebCacheOperation.h */,
				18866B101F78EFBF0090217E /* UIView+WebCacheOperation.m */,
			);
			path = SDWebImage;
			sourceTree = "<group>";
		};
		18866B281F790B870090217E /* MJExtension */ = {
			isa = PBXGroup;
			children = (
				18866B291F790B870090217E /* Info.plist */,
				18866B2A1F790B870090217E /* MJExtension.h */,
				18866B2B1F790B870090217E /* MJExtensionConst.h */,
				18866B2C1F790B870090217E /* MJExtensionConst.m */,
				18866B2D1F790B870090217E /* MJFoundation.h */,
				18866B2E1F790B870090217E /* MJFoundation.m */,
				18866B2F1F790B870090217E /* MJProperty.h */,
				18866B301F790B870090217E /* MJProperty.m */,
				18866B311F790B870090217E /* MJPropertyKey.h */,
				18866B321F790B870090217E /* MJPropertyKey.m */,
				18866B331F790B870090217E /* MJPropertyType.h */,
				18866B341F790B870090217E /* MJPropertyType.m */,
				18866B351F790B870090217E /* NSObject+MJClass.h */,
				18866B361F790B870090217E /* NSObject+MJClass.m */,
				18866B371F790B870090217E /* NSObject+MJCoding.h */,
				18866B381F790B870090217E /* NSObject+MJCoding.m */,
				18866B391F790B870090217E /* NSObject+MJKeyValue.h */,
				18866B3A1F790B870090217E /* NSObject+MJKeyValue.m */,
				18866B3B1F790B870090217E /* NSObject+MJProperty.h */,
				18866B3C1F790B870090217E /* NSObject+MJProperty.m */,
				18866B3D1F790B870090217E /* NSString+MJExtension.h */,
				18866B3E1F790B870090217E /* NSString+MJExtension.m */,
			);
			path = MJExtension;
			sourceTree = "<group>";
		};
/* End PBXGroup section */

/* Begin PBXNativeTarget section */
		18866ACB1F78DD2A0090217E /* json解析复杂 */ = {
			isa = PBXNativeTarget;
			buildConfigurationList = 18866AE31F78DD2A0090217E /* Build configuration list for PBXNativeTarget "json解析复杂" */;
			buildPhases = (
				18866AC81F78DD2A0090217E /* Sources */,
				18866AC91F78DD2A0090217E /* Frameworks */,
				18866ACA1F78DD2A0090217E /* Resources */,
			);
			buildRules = (
			);
			dependencies = (
			);
			name = "json解析复杂";
			productName = "json解析复杂";
			productReference = 18866ACC1F78DD2A0090217E /* json解析复杂.app */;
			productType = "com.apple.product-type.application";
		};
/* End PBXNativeTarget section */

/* Begin PBXProject section */
		18866AC41F78DD2A0090217E /* Project object */ = {
			isa = PBXProject;
			attributes = {
				LastUpgradeCheck = 0830;
				ORGANIZATIONNAME = apple;
				TargetAttributes = {
					18866ACB1F78DD2A0090217E = {
						CreatedOnToolsVersion = 8.3.3;
						ProvisioningStyle = Automatic;
					};
				};
			};
			buildConfigurationList = 18866AC71F78DD2A0090217E /* Build configuration list for PBXProject "json解析复杂" */;
			compatibilityVersion = "Xcode 3.2";
			developmentRegion = English;
			hasScannedForEncodings = 0;
			knownRegions = (
				en,
				Base,
			);
			mainGroup = 18866AC31F78DD2A0090217E;
			productRefGroup = 18866ACD1F78DD2A0090217E /* Products */;
			projectDirPath = "";
			projectRoot = "";
			targets = (
				18866ACB1F78DD2A0090217E /* json解析复杂 */,
			);
		};
/* End PBXProject section */

/* Begin PBXResourcesBuildPhase section */
		18866ACA1F78DD2A0090217E /* Resources */ = {
			isa = PBXResourcesBuildPhase;
			buildActionMask = 2147483647;
			files = (
				18866B3F1F790B870090217E /* Info.plist in Resources */,
				18866ADF1F78DD2A0090217E /* LaunchScreen.storyboard in Resources */,
				18866ADC1F78DD2A0090217E /* Assets.xcassets in Resources */,
				18866ADA1F78DD2A0090217E /* Main.storyboard in Resources */,
			);
			runOnlyForDeploymentPostprocessing = 0;
		};
/* End PBXResourcesBuildPhase section */

/* Begin PBXSourcesBuildPhase section */
		18866AC81F78DD2A0090217E /* Sources */ = {
			isa = PBXSourcesBuildPhase;
			buildActionMask = 2147483647;
			files = (
				18866B231F78EFBF0090217E /* UIView+WebCache.m in Sources */,
				18866B451F790B870090217E /* NSObject+MJClass.m in Sources */,
				18866AD71F78DD2A0090217E /* ViewController.m in Sources */,
				18866B1B1F78EFBF0090217E /* SDWebImageManager.m in Sources */,
				18866B161F78EFBF0090217E /* SDImageCacheConfig.m in Sources */,
				18866B431F790B870090217E /* MJPropertyKey.m in Sources */,
				18866B441F790B870090217E /* MJPropertyType.m in Sources */,
				18866B271F78FF110090217E /* WJVideo.m in Sources */,
				18866B1A1F78EFBF0090217E /* SDWebImageDownloaderOperation.m in Sources */,
				18866B141F78EFBF0090217E /* NSImage+WebCache.m in Sources */,
				18866B1D1F78EFBF0090217E /* UIButton+WebCache.m in Sources */,
				18866B471F790B870090217E /* NSObject+MJKeyValue.m in Sources */,
				18866B241F78EFBF0090217E /* UIView+WebCacheOperation.m in Sources */,
				18866B1C1F78EFBF0090217E /* SDWebImagePrefetcher.m in Sources */,
				18866B191F78EFBF0090217E /* SDWebImageDownloader.m in Sources */,
				18866B481F790B870090217E /* NSObject+MJProperty.m in Sources */,
				18866B461F790B870090217E /* NSObject+MJCoding.m in Sources */,
				18866AD41F78DD2A0090217E /* AppDelegate.m in Sources */,
				18866B201F78EFBF0090217E /* UIImage+WebP.m in Sources */,
				18866B221F78EFBF0090217E /* UIImageView+WebCache.m in Sources */,
				18866B181F78EFBF0090217E /* SDWebImageDecoder.m in Sources */,
				18866B121F78EFBF0090217E /* MKAnnotationView+WebCache.m in Sources */,
				18866B401F790B870090217E /* MJExtensionConst.m in Sources */,
				18866B491F790B870090217E /* NSString+MJExtension.m in Sources */,
				18866B421F790B870090217E /* MJProperty.m in Sources */,
				18866B131F78EFBF0090217E /* NSData+ImageContentType.m in Sources */,
				18866B171F78EFBF0090217E /* SDWebImageCompat.m in Sources */,
				18866AD11F78DD2A0090217E /* main.m in Sources */,
				18866B151F78EFBF0090217E /* SDImageCache.m in Sources */,
				18866B1F1F78EFBF0090217E /* UIImage+MultiFormat.m in Sources */,
				18866B211F78EFBF0090217E /* UIImageView+HighlightedWebCache.m in Sources */,
				18866B411F790B870090217E /* MJFoundation.m in Sources */,
				18866B1E1F78EFBF0090217E /* UIImage+GIF.m in Sources */,
			);
			runOnlyForDeploymentPostprocessing = 0;
		};
/* End PBXSourcesBuildPhase section */

/* Begin PBXVariantGroup section */
		18866AD81F78DD2A0090217E /* Main.storyboard */ = {
			isa = PBXVariantGroup;
			children = (
				18866AD91F78DD2A0090217E /* Base */,
			);
			name = Main.storyboard;
			sourceTree = "<group>";
		};
		18866ADD1F78DD2A0090217E /* LaunchScreen.storyboard */ = {
			isa = PBXVariantGroup;
			children = (
				18866ADE1F78DD2A0090217E /* Base */,
			);
			name = LaunchScreen.storyboard;
			sourceTree = "<group>";
		};
/* End PBXVariantGroup section */

/* Begin XCBuildConfiguration section */
		18866AE11F78DD2A0090217E /* Debug */ = {
			isa = XCBuildConfiguration;
			buildSettings = {
				ALWAYS_SEARCH_USER_PATHS = NO;
				CLANG_ANALYZER_NONNULL = YES;
				CLANG_ANALYZER_NUMBER_OBJECT_CONVERSION = YES_AGGRESSIVE;
				CLANG_CXX_LANGUAGE_STANDARD = "gnu++0x";
				CLANG_CXX_LIBRARY = "libc++";
				CLANG_ENABLE_MODULES = YES;
				CLANG_ENABLE_OBJC_ARC = YES;
				CLANG_WARN_BOOL_CONVERSION = YES;
				CLANG_WARN_CONSTANT_CONVERSION = YES;
				CLANG_WARN_DIRECT_OBJC_ISA_USAGE = YES_ERROR;
				CLANG_WARN_DOCUMENTATION_COMMENTS = YES;
				CLANG_WARN_EMPTY_BODY = YES;
				CLANG_WARN_ENUM_CONVERSION = YES;
				CLANG_WARN_INFINITE_RECURSION = YES;
				CLANG_WARN_INT_CONVERSION = YES;
				CLANG_WARN_OBJC_ROOT_CLASS = YES_ERROR;
				CLANG_WARN_SUSPICIOUS_MOVE = YES;
				CLANG_WARN_UNREACHABLE_CODE = YES;
				CLANG_WARN__DUPLICATE_METHOD_MATCH = YES;
				"CODE_SIGN_IDENTITY[sdk=iphoneos*]" = "iPhone Developer";
				COPY_PHASE_STRIP = NO;
				DEBUG_INFORMATION_FORMAT = dwarf;
				ENABLE_STRICT_OBJC_MSGSEND = YES;
				ENABLE_TESTABILITY = YES;
				GCC_C_LANGUAGE_STANDARD = gnu99;
				GCC_DYNAMIC_NO_PIC = NO;
				GCC_NO_COMMON_BLOCKS = YES;
				GCC_OPTIMIZATION_LEVEL = 0;
				GCC_PREPROCESSOR_DEFINITIONS = (
					"DEBUG=1",
					"$(inherited)",
				);
				GCC_WARN_64_TO_32_BIT_CONVERSION = YES;
				GCC_WARN_ABOUT_RETURN_TYPE = YES_ERROR;
				GCC_WARN_UNDECLARED_SELECTOR = YES;
				GCC_WARN_UNINITIALIZED_AUTOS = YES_AGGRESSIVE;
				GCC_WARN_UNUSED_FUNCTION = YES;
				GCC_WARN_UNUSED_VARIABLE = YES;
				IPHONEOS_DEPLOYMENT_TARGET = 10.3;
				MTL_ENABLE_DEBUG_INFO = YES;
				ONLY_ACTIVE_ARCH = YES;
				SDKROOT = iphoneos;
			};
			name = Debug;
		};
		18866AE21F78DD2A0090217E /* Release */ = {
			isa = XCBuildConfiguration;
			buildSettings = {
				ALWAYS_SEARCH_USER_PATHS = NO;
				CLANG_ANALYZER_NONNULL = YES;
				CLANG_ANALYZER_NUMBER_OBJECT_CONVERSION = YES_AGGRESSIVE;
				CLANG_CXX_LANGUAGE_STANDARD = "gnu++0x";
				CLANG_CXX_LIBRARY = "libc++";
				CLANG_ENABLE_MODULES = YES;
				CLANG_ENABLE_OBJC_ARC = YES;
				CLANG_WARN_BOOL_CONVERSION = YES;
				CLANG_WARN_CONSTANT_CONVERSION = YES;
				CLANG_WARN_DIRECT_OBJC_ISA_USAGE = YES_ERROR;
				CLANG_WARN_DOCUMENTATION_COMMENTS = YES;
				CLANG_WARN_EMPTY_BODY = YES;
				CLANG_WARN_ENUM_CONVERSION = YES;
				CLANG_WARN_INFINITE_RECURSION = YES;
				CLANG_WARN_INT_CONVERSION = YES;
				CLANG_WARN_OBJC_ROOT_CLASS = YES_ERROR;
				CLANG_WARN_SUSPICIOUS_MOVE = YES;
				CLANG_WARN_UNREACHABLE_CODE = YES;
				CLANG_WARN__DUPLICATE_METHOD_MATCH = YES;
				"CODE_SIGN_IDENTITY[sdk=iphoneos*]" = "iPhone Developer";
				COPY_PHASE_STRIP = NO;
				DEBUG_INFORMATION_FORMAT = "dwarf-with-dsym";
				ENABLE_NS_ASSERTIONS = NO;
				ENABLE_STRICT_OBJC_MSGSEND = YES;
				GCC_C_LANGUAGE_STANDARD = gnu99;
				GCC_NO_COMMON_BLOCKS = YES;
				GCC_WARN_64_TO_32_BIT_CONVERSION = YES;
				GCC_WARN_ABOUT_RETURN_TYPE = YES_ERROR;
				GCC_WARN_UNDECLARED_SELECTOR = YES;
				GCC_WARN_UNINITIALIZED_AUTOS = YES_AGGRESSIVE;
				GCC_WARN_UNUSED_FUNCTION = YES;
				GCC_WARN_UNUSED_VARIABLE = YES;
				IPHONEOS_DEPLOYMENT_TARGET = 10.3;
				MTL_ENABLE_DEBUG_INFO = NO;
				SDKROOT = iphoneos;
				VALIDATE_PRODUCT = YES;
			};
			name = Release;
		};
		18866AE41F78DD2A0090217E /* Debug */ = {
			isa = XCBuildConfiguration;
			buildSettings = {
				ASSETCATALOG_COMPILER_APPICON_NAME = AppIcon;
				INFOPLIST_FILE = "json解析复杂/Info.plist";
				IPHONEOS_DEPLOYMENT_TARGET = 8.0;
				LD_RUNPATH_SEARCH_PATHS = "$(inherited) @executable_path/Frameworks";
				PRODUCT_BUNDLE_IDENTIFIER = "com.apple.json----";
				PRODUCT_NAME = "$(TARGET_NAME)";
			};
			name = Debug;
		};
		18866AE51F78DD2A0090217E /* Release */ = {
			isa = XCBuildConfiguration;
			buildSettings = {
				ASSETCATALOG_COMPILER_APPICON_NAME = AppIcon;
				INFOPLIST_FILE = "json解析复杂/Info.plist";
				IPHONEOS_DEPLOYMENT_TARGET = 8.0;
				LD_RUNPATH_SEARCH_PATHS = "$(inherited) @executable_path/Frameworks";
				PRODUCT_BUNDLE_IDENTIFIER = "com.apple.json----";
				PRODUCT_NAME = "$(TARGET_NAME)";
			};
			name = Release;
		};
/* End XCBuildConfiguration section */

/* Begin XCConfigurationList section */
		18866AC71F78DD2A0090217E /* Build configuration list for PBXProject "json解析复杂" */ = {
			isa = XCConfigurationList;
			buildConfigurations = (
				18866AE11F78DD2A0090217E /* Debug */,
				18866AE21F78DD2A0090217E /* Release */,
			);
			defaultConfigurationIsVisible = 0;
			defaultConfigurationName = Release;
		};
		18866AE31F78DD2A0090217E /* Build configuration list for PBXNativeTarget "json解析复杂" */ = {
			isa = XCConfigurationList;
			buildConfigurations = (
				18866AE41F78DD2A0090217E /* Debug */,
				18866AE51F78DD2A0090217E /* Release */,
			);
			defaultConfigurationIsVisible = 0;
		};
/* End XCConfigurationList section */
	};
	rootObject = 18866AC41F78DD2A0090217E /* Project object */;
}
